
Microsoft Visual Studio Solution File, Format Version 12.00
# Visual Studio 14
VisualStudioVersion = 14.0.25420.1
MinimumVisualStudioVersion = 10.0.40219.1
Project("{2150E333-8FDC-42A3-9474-1A3956D46DE8}") = "Reference Implementation", "Reference Implementation", "{F32DC244-7F0D-4DBE-90C4-CFE24AF5054B}"
	ProjectSection(SolutionItems) = preProject
		Reference Implementation\Reference Implementation.md = Reference Implementation\Reference Implementation.md
	EndProjectSection
EndProject
Project("{FAE04EC0-301F-11D3-BF4B-00C04F79EFBC}") = "Application", "Reference Implementation\Application\Application.csproj", "{903FCAC8-C224-4735-83B4-379E19529613}"
EndProject
Project("{FAE04EC0-301F-11D3-BF4B-00C04F79EFBC}") = "Domain", "Reference Implementation\Domain\Domain.csproj", "{0E26776E-3321-422E-9255-36DB59F636F4}"
EndProject
Global
	GlobalSection(SolutionConfigurationPlatforms) = preSolution
		Debug|Any CPU = Debug|Any CPU
		Release|Any CPU = Release|Any CPU
	EndGlobalSection
	GlobalSection(ProjectConfigurationPlatforms) = postSolution
		{903FCAC8-C224-4735-83B4-379E19529613}.Debug|Any CPU.ActiveCfg = Debug|Any CPU
		{903FCAC8-C224-4735-83B4-379E19529613}.Debug|Any CPU.Build.0 = Debug|Any CPU
		{903FCAC8-C224-4735-83B4-379E19529613}.Release|Any CPU.ActiveCfg = Release|Any CPU
		{903FCAC8-C224-4735-83B4-379E19529613}.Release|Any CPU.Build.0 = Release|Any CPU
		{0E26776E-3321-422E-9255-36DB59F636F4}.Debug|Any CPU.ActiveCfg = Debug|Any CPU
		{0E26776E-3321-422E-9255-36DB59F636F4}.Debug|Any CPU.Build.0 = Debug|Any CPU
		{0E26776E-3321-422E-9255-36DB59F636F4}.Release|Any CPU.ActiveCfg = Release|Any CPU
		{0E26776E-3321-422E-9255-36DB59F636F4}.Release|Any CPU.Build.0 = Release|Any CPU
	EndGlobalSection
	GlobalSection(SolutionProperties) = preSolution
		HideSolutionNode = FALSE
	EndGlobalSection
	GlobalSection(NestedProjects) = preSolution
		{903FCAC8-C224-4735-83B4-379E19529613} = {F32DC244-7F0D-4DBE-90C4-CFE24AF5054B}
		{0E26776E-3321-422E-9255-36DB59F636F4} = {F32DC244-7F0D-4DBE-90C4-CFE24AF5054B}
	EndGlobalSection
EndGlobal
